// !$*UTF8*$!
{
	archiveVersion = 1;
	classes = {
	};
	objectVersion = 56;
	objects = {

/* Begin PBXBuildFile section */
		5E7CEAE42CBC801400707D64 /* TextToSpeechApp.swift in Sources */ = {isa = PBXBuildFile; fileRef = 5E7CEAE32CBC801400707D64 /* TextToSpeechApp.swift */; };
		5E7CEAE62CBC801400707D64 /* ContentView.swift in Sources */ = {isa = PBXBuildFile; fileRef = 5E7CEAE52CBC801400707D64 /* ContentView.swift */; };
		5E7CEAE82CBC801600707D64 /* Assets.xcassets in Resources */ = {isa = PBXBuildFile; fileRef = 5E7CEAE72CBC801600707D64 /* Assets.xcassets */; };
		5E7CEAEC2CBC801600707D64 /* Preview Assets.xcassets in Resources */ = {isa = PBXBuildFile; fileRef = 5E7CEAEB2CBC801600707D64 /* Preview Assets.xcassets */; };
		5E7CEAF42CBD7CAE00707D64 /* TextToSpeechService.swift in Sources */ = {isa = PBXBuildFile; fileRef = 5E7CEAF32CBD7CAE00707D64 /* TextToSpeechService.swift */; };
		5E7CEAF72CBD7CCC00707D64 /* TextToSpeechServiceProtocol.swift in Sources */ = {isa = PBXBuildFile; fileRef = 5E7CEAF62CBD7CCC00707D64 /* TextToSpeechServiceProtocol.swift */; };
		5E7CEAFA2CBD7CF400707D64 /* TextToSpeechError.swift in Sources */ = {isa = PBXBuildFile; fileRef = 5E7CEAF92CBD7CF400707D64 /* TextToSpeechError.swift */; };
		5E7CEAFD2CBD7ED900707D64 /* TextToSpeechViewModel.swift in Sources */ = {isa = PBXBuildFile; fileRef = 5E7CEAFC2CBD7ED900707D64 /* TextToSpeechViewModel.swift */; };
		5E7CEB002CBD80F300707D64 /* TextToSpeechView.swift in Sources */ = {isa = PBXBuildFile; fileRef = 5E7CEAFF2CBD80F300707D64 /* TextToSpeechView.swift */; };
/* End PBXBuildFile section */

/* Begin PBXFileReference section */
		5E7CEAE02CBC801400707D64 /* TextToSpeech.app */ = {isa = PBXFileReference; explicitFileType = wrapper.application; includeInIndex = 0; path = TextToSpeech.app; sourceTree = BUILT_PRODUCTS_DIR; };
		5E7CEAE32CBC801400707D64 /* TextToSpeechApp.swift */ = {isa = PBXFileReference; lastKnownFileType = sourcecode.swift; path = TextToSpeechApp.swift; sourceTree = "<group>"; };
		5E7CEAE52CBC801400707D64 /* ContentView.swift */ = {isa = PBXFileReference; lastKnownFileType = sourcecode.swift; path = ContentView.swift; sourceTree = "<group>"; };
		5E7CEAE72CBC801600707D64 /* Assets.xcassets */ = {isa = PBXFileReference; lastKnownFileType = folder.assetcatalog; path = Assets.xcassets; sourceTree = "<group>"; };
		5E7CEAE92CBC801600707D64 /* TextToSpeech.entitlements */ = {isa = PBXFileReference; lastKnownFileType = text.plist.entitlements; path = TextToSpeech.entitlements; sourceTree = "<group>"; };
		5E7CEAEB2CBC801600707D64 /* Preview Assets.xcassets */ = {isa = PBXFileReference; lastKnownFileType = folder.assetcatalog; path = "Preview Assets.xcassets"; sourceTree = "<group>"; };
		5E7CEAF32CBD7CAE00707D64 /* TextToSpeechService.swift */ = {isa = PBXFileReference; lastKnownFileType = sourcecode.swift; path = TextToSpeechService.swift; sourceTree = "<group>"; };
		5E7CEAF62CBD7CCC00707D64 /* TextToSpeechServiceProtocol.swift */ = {isa = PBXFileReference; lastKnownFileType = sourcecode.swift; path = TextToSpeechServiceProtocol.swift; sourceTree = "<group>"; };
		5E7CEAF92CBD7CF400707D64 /* TextToSpeechError.swift */ = {isa = PBXFileReference; lastKnownFileType = sourcecode.swift; path = TextToSpeechError.swift; sourceTree = "<group>"; };
		5E7CEAFC2CBD7ED900707D64 /* TextToSpeechViewModel.swift */ = {isa = PBXFileReference; lastKnownFileType = sourcecode.swift; path = TextToSpeechViewModel.swift; sourceTree = "<group>"; };
		5E7CEAFF2CBD80F300707D64 /* TextToSpeechView.swift */ = {isa = PBXFileReference; lastKnownFileType = sourcecode.swift; path = TextToSpeechView.swift; sourceTree = "<group>"; };
/* End PBXFileReference section */

/* Begin PBXFrameworksBuildPhase section */
		5E7CEADD2CBC801400707D64 /* Frameworks */ = {
			isa = PBXFrameworksBuildPhase;
			buildActionMask = 2147483647;
			files = (
			);
			runOnlyForDeploymentPostprocessing = 0;
		};
/* End PBXFrameworksBuildPhase section */

/* Begin PBXGroup section */
		5E7CEAD72CBC801400707D64 = {
			isa = PBXGroup;
			children = (
				5E7CEAE22CBC801400707D64 /* TextToSpeech */,
				5E7CEAE12CBC801400707D64 /* Products */,
			);
			sourceTree = "<group>";
		};
		5E7CEAE12CBC801400707D64 /* Products */ = {
			isa = PBXGroup;
			children = (
				5E7CEAE02CBC801400707D64 /* TextToSpeech.app */,
			);
			name = Products;
			sourceTree = "<group>";
		};
		5E7CEAE22CBC801400707D64 /* TextToSpeech */ = {
			isa = PBXGroup;
			children = (
				5E7CEAF22CBD7C8F00707D64 /* TextToSpeechService */,
				5E7CEAFB2CBD7EBC00707D64 /* ViewModel */,
				5E7CEAFE2CBD80D800707D64 /* View */,
				5E7CEAE32CBC801400707D64 /* TextToSpeechApp.swift */,
				5E7CEAE52CBC801400707D64 /* ContentView.swift */,
				5E7CEAE72CBC801600707D64 /* Assets.xcassets */,
				5E7CEAE92CBC801600707D64 /* TextToSpeech.entitlements */,
				5E7CEAEA2CBC801600707D64 /* Preview Content */,
			);
			path = TextToSpeech;
			sourceTree = "<group>";
		};
		5E7CEAEA2CBC801600707D64 /* Preview Content */ = {
			isa = PBXGroup;
			children = (
				5E7CEAEB2CBC801600707D64 /* Preview Assets.xcassets */,
			);
			path = "Preview Content";
			sourceTree = "<group>";
		};
		5E7CEAF22CBD7C8F00707D64 /* TextToSpeechService */ = {
			isa = PBXGroup;
			children = (
				5E7CEAF82CBD7CE600707D64 /* Errors */,
				5E7CEAF52CBD7CB400707D64 /* Protocol */,
				5E7CEAF32CBD7CAE00707D64 /* TextToSpeechService.swift */,
			);
			path = TextToSpeechService;
			sourceTree = "<group>";
		};
		5E7CEAF52CBD7CB400707D64 /* Protocol */ = {
			isa = PBXGroup;
			children = (
				5E7CEAF62CBD7CCC00707D64 /* TextToSpeechServiceProtocol.swift */,
			);
			path = Protocol;
			sourceTree = "<group>";
		};
		5E7CEAF82CBD7CE600707D64 /* Errors */ = {
			isa = PBXGroup;
			children = (
				5E7CEAF92CBD7CF400707D64 /* TextToSpeechError.swift */,
			);
			path = Errors;
			sourceTree = "<group>";
		};
		5E7CEAFB2CBD7EBC00707D64 /* ViewModel */ = {
			isa = PBXGroup;
			children = (
				5E7CEAFC2CBD7ED900707D64 /* TextToSpeechViewModel.swift */,
			);
			path = ViewModel;
			sourceTree = "<group>";
		};
		5E7CEAFE2CBD80D800707D64 /* View */ = {
			isa = PBXGroup;
			children = (
				5E7CEAFF2CBD80F300707D64 /* TextToSpeechView.swift */,
			);
			path = View;
			sourceTree = "<group>";
		};
/* End PBXGroup section */

/* Begin PBXNativeTarget section */
		5E7CEADF2CBC801400707D64 /* TextToSpeech */ = {
			isa = PBXNativeTarget;
			buildConfigurationList = 5E7CEAEF2CBC801600707D64 /* Build configuration list for PBXNativeTarget "TextToSpeech" */;
			buildPhases = (
				5E7CEADC2CBC801400707D64 /* Sources */,
				5E7CEADD2CBC801400707D64 /* Frameworks */,
				5E7CEADE2CBC801400707D64 /* Resources */,
			);
			buildRules = (
			);
			dependencies = (
			);
			name = TextToSpeech;
			productName = TextToSpeech;
			productReference = 5E7CEAE02CBC801400707D64 /* TextToSpeech.app */;
			productType = "com.apple.product-type.application";
		};
/* End PBXNativeTarget section */

/* Begin PBXProject section */
		5E7CEAD82CBC801400707D64 /* Project object */ = {
			isa = PBXProject;
			attributes = {
				BuildIndependentTargetsInParallel = 1;
				LastSwiftUpdateCheck = 1540;
				LastUpgradeCheck = 1540;
				TargetAttributes = {
					5E7CEADF2CBC801400707D64 = {
						CreatedOnToolsVersion = 15.4;
					};
				};
			};
			buildConfigurationList = 5E7CEADB2CBC801400707D64 /* Build configuration list for PBXProject "TextToSpeech" */;
			compatibilityVersion = "Xcode 14.0";
			developmentRegion = en;
			hasScannedForEncodings = 0;
			knownRegions = (
				en,
				Base,
			);
			mainGroup = 5E7CEAD72CBC801400707D64;
			productRefGroup = 5E7CEAE12CBC801400707D64 /* Products */;
			projectDirPath = "";
			projectRoot = "";
			targets = (
				5E7CEADF2CBC801400707D64 /* TextToSpeech */,
			);
		};
/* End PBXProject section */

/* Begin PBXResourcesBuildPhase section */
		5E7CEADE2CBC801400707D64 /* Resources */ = {
			isa = PBXResourcesBuildPhase;
			buildActionMask = 2147483647;
			files = (
				5E7CEAEC2CBC801600707D64 /* Preview Assets.xcassets in Resources */,
				5E7CEAE82CBC801600707D64 /* Assets.xcassets in Resources */,
			);
			runOnlyForDeploymentPostprocessing = 0;
		};
/* End PBXResourcesBuildPhase section */

/* Begin PBXSourcesBuildPhase section */
		5E7CEADC2CBC801400707D64 /* Sources */ = {
			isa = PBXSourcesBuildPhase;
			buildActionMask = 2147483647;
			files = (
				5E7CEAFD2CBD7ED900707D64 /* TextToSpeechViewModel.swift in Sources */,
				5E7CEAF42CBD7CAE00707D64 /* TextToSpeechService.swift in Sources */,
				5E7CEAFA2CBD7CF400707D64 /* TextToSpeechError.swift in Sources */,
				5E7CEAF72CBD7CCC00707D64 /* TextToSpeechServiceProtocol.swift in Sources */,
				5E7CEAE62CBC801400707D64 /* ContentView.swift in Sources */,
				5E7CEAE42CBC801400707D64 /* TextToSpeechApp.swift in Sources */,
				5E7CEB002CBD80F300707D64 /* TextToSpeechView.swift in Sources */,
			);
			runOnlyForDeploymentPostprocessing = 0;
		};
/* End PBXSourcesBuildPhase section */

/* Begin XCBuildConfiguration section */
		5E7CEAED2CBC801600707D64 /* Debug */ = {
			isa = XCBuildConfiguration;
			buildSettings = {
				ALWAYS_SEARCH_USER_PATHS = NO;
				ASSETCATALOG_COMPILER_GENERATE_SWIFT_ASSET_SYMBOL_EXTENSIONS = YES;
				CLANG_ANALYZER_NONNULL = YES;
				CLANG_ANALYZER_NUMBER_OBJECT_CONVERSION = YES_AGGRESSIVE;
				CLANG_CXX_LANGUAGE_STANDARD = "gnu++20";
				CLANG_ENABLE_MODULES = YES;
				CLANG_ENABLE_OBJC_ARC = YES;
				CLANG_ENABLE_OBJC_WEAK = YES;
				CLANG_WARN_BLOCK_CAPTURE_AUTORELEASING = YES;
				CLANG_WARN_BOOL_CONVERSION = YES;
				CLANG_WARN_COMMA = YES;
				CLANG_WARN_CONSTANT_CONVERSION = YES;
				CLANG_WARN_DEPRECATED_OBJC_IMPLEMENTATIONS = YES;
				CLANG_WARN_DIRECT_OBJC_ISA_USAGE = YES_ERROR;
				CLANG_WARN_DOCUMENTATION_COMMENTS = YES;
				CLANG_WARN_EMPTY_BODY = YES;
				CLANG_WARN_ENUM_CONVERSION = YES;
				CLANG_WARN_INFINITE_RECURSION = YES;
				CLANG_WARN_INT_CONVERSION = YES;
				CLANG_WARN_NON_LITERAL_NULL_CONVERSION = YES;
				CLANG_WARN_OBJC_IMPLICIT_RETAIN_SELF = YES;
				CLANG_WARN_OBJC_LITERAL_CONVERSION = YES;
				CLANG_WARN_OBJC_ROOT_CLASS = YES_ERROR;
				CLANG_WARN_QUOTED_INCLUDE_IN_FRAMEWORK_HEADER = YES;
				CLANG_WARN_RANGE_LOOP_ANALYSIS = YES;
				CLANG_WARN_STRICT_PROTOTYPES = YES;
				CLANG_WARN_SUSPICIOUS_MOVE = YES;
				CLANG_WARN_UNGUARDED_AVAILABILITY = YES_AGGRESSIVE;
				CLANG_WARN_UNREACHABLE_CODE = YES;
				CLANG_WARN__DUPLICATE_METHOD_MATCH = YES;
				COPY_PHASE_STRIP = NO;
				DEBUG_INFORMATION_FORMAT = dwarf;
				ENABLE_STRICT_OBJC_MSGSEND = YES;
				ENABLE_TESTABILITY = YES;
				ENABLE_USER_SCRIPT_SANDBOXING = YES;
				GCC_C_LANGUAGE_STANDARD = gnu17;
				GCC_DYNAMIC_NO_PIC = NO;
				GCC_NO_COMMON_BLOCKS = YES;
				GCC_OPTIMIZATION_LEVEL = 0;
				GCC_PREPROCESSOR_DEFINITIONS = (
					"DEBUG=1",
					"$(inherited)",
				);
				GCC_WARN_64_TO_32_BIT_CONVERSION = YES;
				GCC_WARN_ABOUT_RETURN_TYPE = YES_ERROR;
				GCC_WARN_UNDECLARED_SELECTOR = YES;
				GCC_WARN_UNINITIALIZED_AUTOS = YES_AGGRESSIVE;
				GCC_WARN_UNUSED_FUNCTION = YES;
				GCC_WARN_UNUSED_VARIABLE = YES;
				LOCALIZATION_PREFERS_STRING_CATALOGS = YES;
				MTL_ENABLE_DEBUG_INFO = INCLUDE_SOURCE;
				MTL_FAST_MATH = YES;
				ONLY_ACTIVE_ARCH = YES;
				SWIFT_ACTIVE_COMPILATION_CONDITIONS = "DEBUG $(inherited)";
				SWIFT_OPTIMIZATION_LEVEL = "-Onone";
			};
			name = Debug;
		};
		5E7CEAEE2CBC801600707D64 /* Release */ = {
			isa = XCBuildConfiguration;
			buildSettings = {
				ALWAYS_SEARCH_USER_PATHS = NO;
				ASSETCATALOG_COMPILER_GENERATE_SWIFT_ASSET_SYMBOL_EXTENSIONS = YES;
				CLANG_ANALYZER_NONNULL = YES;
				CLANG_ANALYZER_NUMBER_OBJECT_CONVERSION = YES_AGGRESSIVE;
				CLANG_CXX_LANGUAGE_STANDARD = "gnu++20";
				CLANG_ENABLE_MODULES = YES;
				CLANG_ENABLE_OBJC_ARC = YES;
				CLANG_ENABLE_OBJC_WEAK = YES;
				CLANG_WARN_BLOCK_CAPTURE_AUTORELEASING = YES;
				CLANG_WARN_BOOL_CONVERSION = YES;
				CLANG_WARN_COMMA = YES;
				CLANG_WARN_CONSTANT_CONVERSION = YES;
				CLANG_WARN_DEPRECATED_OBJC_IMPLEMENTATIONS = YES;
				CLANG_WARN_DIRECT_OBJC_ISA_USAGE = YES_ERROR;
				CLANG_WARN_DOCUMENTATION_COMMENTS = YES;
				CLANG_WARN_EMPTY_BODY = YES;
				CLANG_WARN_ENUM_CONVERSION = YES;
				CLANG_WARN_INFINITE_RECURSION = YES;
				CLANG_WARN_INT_CONVERSION = YES;
				CLANG_WARN_NON_LITERAL_NULL_CONVERSION = YES;
				CLANG_WARN_OBJC_IMPLICIT_RETAIN_SELF = YES;
				CLANG_WARN_OBJC_LITERAL_CONVERSION = YES;
				CLANG_WARN_OBJC_ROOT_CLASS = YES_ERROR;
				CLANG_WARN_QUOTED_INCLUDE_IN_FRAMEWORK_HEADER = YES;
				CLANG_WARN_RANGE_LOOP_ANALYSIS = YES;
				CLANG_WARN_STRICT_PROTOTYPES = YES;
				CLANG_WARN_SUSPICIOUS_MOVE = YES;
				CLANG_WARN_UNGUARDED_AVAILABILITY = YES_AGGRESSIVE;
				CLANG_WARN_UNREACHABLE_CODE = YES;
				CLANG_WARN__DUPLICATE_METHOD_MATCH = YES;
				COPY_PHASE_STRIP = NO;
				DEBUG_INFORMATION_FORMAT = "dwarf-with-dsym";
				ENABLE_NS_ASSERTIONS = NO;
				ENABLE_STRICT_OBJC_MSGSEND = YES;
				ENABLE_USER_SCRIPT_SANDBOXING = YES;
				GCC_C_LANGUAGE_STANDARD = gnu17;
				GCC_NO_COMMON_BLOCKS = YES;
				GCC_WARN_64_TO_32_BIT_CONVERSION = YES;
				GCC_WARN_ABOUT_RETURN_TYPE = YES_ERROR;
				GCC_WARN_UNDECLARED_SELECTOR = YES;
				GCC_WARN_UNINITIALIZED_AUTOS = YES_AGGRESSIVE;
				GCC_WARN_UNUSED_FUNCTION = YES;
				GCC_WARN_UNUSED_VARIABLE = YES;
				LOCALIZATION_PREFERS_STRING_CATALOGS = YES;
				MTL_ENABLE_DEBUG_INFO = NO;
				MTL_FAST_MATH = YES;
				SWIFT_COMPILATION_MODE = wholemodule;
			};
			name = Release;
		};
		5E7CEAF02CBC801600707D64 /* Debug */ = {
			isa = XCBuildConfiguration;
			buildSettings = {
				ASSETCATALOG_COMPILER_APPICON_NAME = AppIcon;
				ASSETCATALOG_COMPILER_GLOBAL_ACCENT_COLOR_NAME = AccentColor;
				CODE_SIGN_ENTITLEMENTS = TextToSpeech/TextToSpeech.entitlements;
				CODE_SIGN_STYLE = Automatic;
				CURRENT_PROJECT_VERSION = 1;
				DEVELOPMENT_ASSET_PATHS = "\"TextToSpeech/Preview Content\"";
				DEVELOPMENT_TEAM = 647P9UY79L;
				ENABLE_HARDENED_RUNTIME = YES;
				ENABLE_PREVIEWS = YES;
				GENERATE_INFOPLIST_FILE = YES;
				"INFOPLIST_KEY_UIApplicationSceneManifest_Generation[sdk=iphoneos*]" = YES;
				"INFOPLIST_KEY_UIApplicationSceneManifest_Generation[sdk=iphonesimulator*]" = YES;
				"INFOPLIST_KEY_UIApplicationSupportsIndirectInputEvents[sdk=iphoneos*]" = YES;
				"INFOPLIST_KEY_UIApplicationSupportsIndirectInputEvents[sdk=iphonesimulator*]" = YES;
				"INFOPLIST_KEY_UILaunchScreen_Generation[sdk=iphoneos*]" = YES;
				"INFOPLIST_KEY_UILaunchScreen_Generation[sdk=iphonesimulator*]" = YES;
				"INFOPLIST_KEY_UIStatusBarStyle[sdk=iphoneos*]" = UIStatusBarStyleDefault;
				"INFOPLIST_KEY_UIStatusBarStyle[sdk=iphonesimulator*]" = UIStatusBarStyleDefault;
				INFOPLIST_KEY_UISupportedInterfaceOrientations_iPad = "UIInterfaceOrientationPortrait UIInterfaceOrientationPortraitUpsideDown UIInterfaceOrientationLandscapeLeft UIInterfaceOrientationLandscapeRight";
				INFOPLIST_KEY_UISupportedInterfaceOrientations_iPhone = "UIInterfaceOrientationPortrait UIInterfaceOrientationLandscapeLeft UIInterfaceOrientationLandscapeRight";
				IPHONEOS_DEPLOYMENT_TARGET = 17.5;
				LD_RUNPATH_SEARCH_PATHS = "@executable_path/Frameworks";
				"LD_RUNPATH_SEARCH_PATHS[sdk=macosx*]" = "@executable_path/../Frameworks";
				MACOSX_DEPLOYMENT_TARGET = 14.4;
				MARKETING_VERSION = 1.0;
				PRODUCT_BUNDLE_IDENTIFIER = com.legin098.TextToSpeech;
				PRODUCT_NAME = "$(TARGET_NAME)";
				SDKROOT = auto;
				SUPPORTED_PLATFORMS = "iphoneos iphonesimulator macosx";
				SWIFT_EMIT_LOC_STRINGS = YES;
				SWIFT_VERSION = 5.0;
				TARGETED_DEVICE_FAMILY = "1,2";
			};
			name = Debug;
		};
		5E7CEAF12CBC801600707D64 /* Release */ = {
			isa = XCBuildConfiguration;
			buildSettings = {
				ASSETCATALOG_COMPILER_APPICON_NAME = AppIcon;
				ASSETCATALOG_COMPILER_GLOBAL_ACCENT_COLOR_NAME = AccentColor;
				CODE_SIGN_ENTITLEMENTS = TextToSpeech/TextToSpeech.entitlements;
				CODE_SIGN_STYLE = Automatic;
				CURRENT_PROJECT_VERSION = 1;
				DEVELOPMENT_ASSET_PATHS = "\"TextToSpeech/Preview Content\"";
				DEVELOPMENT_TEAM = 647P9UY79L;
				ENABLE_HARDENED_RUNTIME = YES;
				ENABLE_PREVIEWS = YES;
				GENERATE_INFOPLIST_FILE = YES;
				"INFOPLIST_KEY_UIApplicationSceneManifest_Generation[sdk=iphoneos*]" = YES;
				"INFOPLIST_KEY_UIApplicationSceneManifest_Generation[sdk=iphonesimulator*]" = YES;
				"INFOPLIST_KEY_UIApplicationSupportsIndirectInputEvents[sdk=iphoneos*]" = YES;
				"INFOPLIST_KEY_UIApplicationSupportsIndirectInputEvents[sdk=iphonesimulator*]" = YES;
				"INFOPLIST_KEY_UILaunchScreen_Generation[sdk=iphoneos*]" = YES;
				"INFOPLIST_KEY_UILaunchScreen_Generation[sdk=iphonesimulator*]" = YES;
				"INFOPLIST_KEY_UIStatusBarStyle[sdk=iphoneos*]" = UIStatusBarStyleDefault;
				"INFOPLIST_KEY_UIStatusBarStyle[sdk=iphonesimulator*]" = UIStatusBarStyleDefault;
				INFOPLIST_KEY_UISupportedInterfaceOrientations_iPad = "UIInterfaceOrientationPortrait UIInterfaceOrientationPortraitUpsideDown UIInterfaceOrientationLandscapeLeft UIInterfaceOrientationLandscapeRight";
				INFOPLIST_KEY_UISupportedInterfaceOrientations_iPhone = "UIInterfaceOrientationPortrait UIInterfaceOrientationLandscapeLeft UIInterfaceOrientationLandscapeRight";
				IPHONEOS_DEPLOYMENT_TARGET = 17.5;
				LD_RUNPATH_SEARCH_PATHS = "@executable_path/Frameworks";
				"LD_RUNPATH_SEARCH_PATHS[sdk=macosx*]" = "@executable_path/../Frameworks";
				MACOSX_DEPLOYMENT_TARGET = 14.4;
				MARKETING_VERSION = 1.0;
				PRODUCT_BUNDLE_IDENTIFIER = com.legin098.TextToSpeech;
				PRODUCT_NAME = "$(TARGET_NAME)";
				SDKROOT = auto;
				SUPPORTED_PLATFORMS = "iphoneos iphonesimulator macosx";
				SWIFT_EMIT_LOC_STRINGS = YES;
				SWIFT_VERSION = 5.0;
				TARGETED_DEVICE_FAMILY = "1,2";
			};
			name = Release;
		};
/* End XCBuildConfiguration section */

/* Begin XCConfigurationList section */
		5E7CEADB2CBC801400707D64 /* Build configuration list for PBXProject "TextToSpeech" */ = {
			isa = XCConfigurationList;
			buildConfigurations = (
				5E7CEAED2CBC801600707D64 /* Debug */,
				5E7CEAEE2CBC801600707D64 /* Release */,
			);
			defaultConfigurationIsVisible = 0;
			defaultConfigurationName = Release;
		};
		5E7CEAEF2CBC801600707D64 /* Build configuration list for PBXNativeTarget "TextToSpeech" */ = {
			isa = XCConfigurationList;
			buildConfigurations = (
				5E7CEAF02CBC801600707D64 /* Debug */,
				5E7CEAF12CBC801600707D64 /* Release */,
			);
			defaultConfigurationIsVisible = 0;
			defaultConfigurationName = Release;
		};
/* End XCConfigurationList section */
	};
	rootObject = 5E7CEAD82CBC801400707D64 /* Project object */;
}
